// !$*UTF8*$!
{
	archiveVersion = 1;
	classes = {
	};
	objectVersion = 77;
	objects = {

/* Begin PBXContainerItemProxy section */
		00B50B842DA9103E0068FBF5 /* PBXContainerItemProxy */ = {
			isa = PBXContainerItemProxy;
			containerPortal = 00B50B6E2DA9103D0068FBF5 /* Project object */;
			proxyType = 1;
			remoteGlobalIDString = 00B50B752DA9103D0068FBF5;
			remoteInfo = "Expense Tracker App";
		};
		00B50B8E2DA9103E0068FBF5 /* PBXContainerItemProxy */ = {
			isa = PBXContainerItemProxy;
			containerPortal = 00B50B6E2DA9103D0068FBF5 /* Project object */;
			proxyType = 1;
			remoteGlobalIDString = 00B50B752DA9103D0068FBF5;
			remoteInfo = "Expense Tracker App";
		};
/* End PBXContainerItemProxy section */

/* Begin PBXFileReference section */
		00B50B762DA9103D0068FBF5 /* Expense Tracker App.app */ = {isa = PBXFileReference; explicitFileType = wrapper.application; includeInIndex = 0; path = "Expense Tracker App.app"; sourceTree = BUILT_PRODUCTS_DIR; };
		00B50B832DA9103E0068FBF5 /* Expense Tracker AppTests.xctest */ = {isa = PBXFileReference; explicitFileType = wrapper.cfbundle; includeInIndex = 0; path = "Expense Tracker AppTests.xctest"; sourceTree = BUILT_PRODUCTS_DIR; };
		00B50B8D2DA9103E0068FBF5 /* Expense Tracker AppUITests.xctest */ = {isa = PBXFileReference; explicitFileType = wrapper.cfbundle; includeInIndex = 0; path = "Expense Tracker AppUITests.xctest"; sourceTree = BUILT_PRODUCTS_DIR; };
/* End PBXFileReference section */

/* Begin PBXFileSystemSynchronizedRootGroup section */
		00B50B782DA9103D0068FBF5 /* Expense Tracker App */ = {
			isa = PBXFileSystemSynchronizedRootGroup;
			path = "Expense Tracker App";
			sourceTree = "<group>";
		};
		00B50B862DA9103E0068FBF5 /* Expense Tracker AppTests */ = {
			isa = PBXFileSystemSynchronizedRootGroup;
			path = "Expense Tracker AppTests";
			sourceTree = "<group>";
		};
		00B50B902DA9103E0068FBF5 /* Expense Tracker AppUITests */ = {
			isa = PBXFileSystemSynchronizedRootGroup;
			path = "Expense Tracker AppUITests";
			sourceTree = "<group>";
		};
/* End PBXFileSystemSynchronizedRootGroup section */

/* Begin PBXFrameworksBuildPhase section */
		00B50B732DA9103D0068FBF5 /* Frameworks */ = {
			isa = PBXFrameworksBuildPhase;
			buildActionMask = 2147483647;
			files = (
			);
			runOnlyForDeploymentPostprocessing = 0;
		};
		00B50B802DA9103E0068FBF5 /* Frameworks */ = {
			isa = PBXFrameworksBuildPhase;
			buildActionMask = 2147483647;
			files = (
			);
			runOnlyForDeploymentPostprocessing = 0;
		};
		00B50B8A2DA9103E0068FBF5 /* Frameworks */ = {
			isa = PBXFrameworksBuildPhase;
			buildActionMask = 2147483647;
			files = (
			);
			runOnlyForDeploymentPostprocessing = 0;
		};
/* End PBXFrameworksBuildPhase section */

/* Begin PBXGroup section */
		00B50B6D2DA9103D0068FBF5 = {
			isa = PBXGroup;
			children = (
				00B50B782DA9103D0068FBF5 /* Expense Tracker App */,
				00B50B862DA9103E0068FBF5 /* Expense Tracker AppTests */,
				00B50B902DA9103E0068FBF5 /* Expense Tracker AppUITests */,
				00B50B772DA9103D0068FBF5 /* Products */,
			);
			sourceTree = "<group>";
		};
		00B50B772DA9103D0068FBF5 /* Products */ = {
			isa = PBXGroup;
			children = (
				00B50B762DA9103D0068FBF5 /* Expense Tracker App.app */,
				00B50B832DA9103E0068FBF5 /* Expense Tracker AppTests.xctest */,
				00B50B8D2DA9103E0068FBF5 /* Expense Tracker AppUITests.xctest */,
			);
			name = Products;
			sourceTree = "<group>";
		};
/* End PBXGroup section */

/* Begin PBXNativeTarget section */
		00B50B752DA9103D0068FBF5 /* Expense Tracker App */ = {
			isa = PBXNativeTarget;
			buildConfigurationList = 00B50B972DA9103E0068FBF5 /* Build configuration list for PBXNativeTarget "Expense Tracker App" */;
			buildPhases = (
				00B50B722DA9103D0068FBF5 /* Sources */,
				00B50B732DA9103D0068FBF5 /* Frameworks */,
				00B50B742DA9103D0068FBF5 /* Resources */,
			);
			buildRules = (
			);
			dependencies = (
			);
			fileSystemSynchronizedGroups = (
				00B50B782DA9103D0068FBF5 /* Expense Tracker App */,
			);
			name = "Expense Tracker App";
			packageProductDependencies = (
			);
			productName = "Expense Tracker App";
			productReference = 00B50B762DA9103D0068FBF5 /* Expense Tracker App.app */;
			productType = "com.apple.product-type.application";
		};
		00B50B822DA9103E0068FBF5 /* Expense Tracker AppTests */ = {
			isa = PBXNativeTarget;
			buildConfigurationList = 00B50B9A2DA9103E0068FBF5 /* Build configuration list for PBXNativeTarget "Expense Tracker AppTests" */;
			buildPhases = (
				00B50B7F2DA9103E0068FBF5 /* Sources */,
				00B50B802DA9103E0068FBF5 /* Frameworks */,
				00B50B812DA9103E0068FBF5 /* Resources */,
			);
			buildRules = (
			);
			dependencies = (
				00B50B852DA9103E0068FBF5 /* PBXTargetDependency */,
			);
			fileSystemSynchronizedGroups = (
				00B50B862DA9103E0068FBF5 /* Expense Tracker AppTests */,
			);
			name = "Expense Tracker AppTests";
			packageProductDependencies = (
			);
			productName = "Expense Tracker AppTests";
			productReference = 00B50B832DA9103E0068FBF5 /* Expense Tracker AppTests.xctest */;
			productType = "com.apple.product-type.bundle.unit-test";
		};
		00B50B8C2DA9103E0068FBF5 /* Expense Tracker AppUITests */ = {
			isa = PBXNativeTarget;
			buildConfigurationList = 00B50B9D2DA9103E0068FBF5 /* Build configuration list for PBXNativeTarget "Expense Tracker AppUITests" */;
			buildPhases = (
				00B50B892DA9103E0068FBF5 /* Sources */,
				00B50B8A2DA9103E0068FBF5 /* Frameworks */,
				00B50B8B2DA9103E0068FBF5 /* Resources */,
			);
			buildRules = (
			);
			dependencies = (
				00B50B8F2DA9103E0068FBF5 /* PBXTargetDependency */,
			);
			fileSystemSynchronizedGroups = (
				00B50B902DA9103E0068FBF5 /* Expense Tracker AppUITests */,
			);
			name = "Expense Tracker AppUITests";
			packageProductDependencies = (
			);
			productName = "Expense Tracker AppUITests";
			productReference = 00B50B8D2DA9103E0068FBF5 /* Expense Tracker AppUITests.xctest */;
			productType = "com.apple.product-type.bundle.ui-testing";
		};
/* End PBXNativeTarget section */

/* Begin PBXProject section */
		00B50B6E2DA9103D0068FBF5 /* Project object */ = {
			isa = PBXProject;
			attributes = {
				BuildIndependentTargetsInParallel = 1;
				LastSwiftUpdateCheck = 1630;
				LastUpgradeCheck = 1630;
				TargetAttributes = {
					00B50B752DA9103D0068FBF5 = {
						CreatedOnToolsVersion = 16.3;
					};
					00B50B822DA9103E0068FBF5 = {
						CreatedOnToolsVersion = 16.3;
						TestTargetID = 00B50B752DA9103D0068FBF5;
					};
					00B50B8C2DA9103E0068FBF5 = {
						CreatedOnToolsVersion = 16.3;
						TestTargetID = 00B50B752DA9103D0068FBF5;
					};
				};
			};
			buildConfigurationList = 00B50B712DA9103D0068FBF5 /* Build configuration list for PBXProject "Expense Tracker App" */;
			developmentRegion = en;
			hasScannedForEncodings = 0;
			knownRegions = (
				en,
				Base,
			);
			mainGroup = 00B50B6D2DA9103D0068FBF5;
			minimizedProjectReferenceProxies = 1;
			preferredProjectObjectVersion = 77;
			productRefGroup = 00B50B772DA9103D0068FBF5 /* Products */;
			projectDirPath = "";
			projectRoot = "";
			targets = (
				00B50B752DA9103D0068FBF5 /* Expense Tracker App */,
				00B50B822DA9103E0068FBF5 /* Expense Tracker AppTests */,
				00B50B8C2DA9103E0068FBF5 /* Expense Tracker AppUITests */,
			);
		};
/* End PBXProject section */

/* Begin PBXResourcesBuildPhase section */
		00B50B742DA9103D0068FBF5 /* Resources */ = {
			isa = PBXResourcesBuildPhase;
			buildActionMask = 2147483647;
			files = (
			);
			runOnlyForDeploymentPostprocessing = 0;
		};
		00B50B812DA9103E0068FBF5 /* Resources */ = {
			isa = PBXResourcesBuildPhase;
			buildActionMask = 2147483647;
			files = (
			);
			runOnlyForDeploymentPostprocessing = 0;
		};
		00B50B8B2DA9103E0068FBF5 /* Resources */ = {
			isa = PBXResourcesBuildPhase;
			buildActionMask = 2147483647;
			files = (
			);
			runOnlyForDeploymentPostprocessing = 0;
		};
/* End PBXResourcesBuildPhase section */

/* Begin PBXSourcesBuildPhase section */
		00B50B722DA9103D0068FBF5 /* Sources */ = {
			isa = PBXSourcesBuildPhase;
			buildActionMask = 2147483647;
			files = (
			);
			runOnlyForDeploymentPostprocessing = 0;
		};
		00B50B7F2DA9103E0068FBF5 /* Sources */ = {
			isa = PBXSourcesBuildPhase;
			buildActionMask = 2147483647;
			files = (
			);
			runOnlyForDeploymentPostprocessing = 0;
		};
		00B50B892DA9103E0068FBF5 /* Sources */ = {
			isa = PBXSourcesBuildPhase;
			buildActionMask = 2147483647;
			files = (
			);
			runOnlyForDeploymentPostprocessing = 0;
		};
/* End PBXSourcesBuildPhase section */

/* Begin PBXTargetDependency section */
		00B50B852DA9103E0068FBF5 /* PBXTargetDependency */ = {
			isa = PBXTargetDependency;
			target = 00B50B752DA9103D0068FBF5 /* Expense Tracker App */;
			targetProxy = 00B50B842DA9103E0068FBF5 /* PBXContainerItemProxy */;
		};
		00B50B8F2DA9103E0068FBF5 /* PBXTargetDependency */ = {
			isa = PBXTargetDependency;
			target = 00B50B752DA9103D0068FBF5 /* Expense Tracker App */;
			targetProxy = 00B50B8E2DA9103E0068FBF5 /* PBXContainerItemProxy */;
		};
/* End PBXTargetDependency section */

/* Begin XCBuildConfiguration section */
		00B50B952DA9103E0068FBF5 /* Debug */ = {
			isa = XCBuildConfiguration;
			buildSettings = {
				ALWAYS_SEARCH_USER_PATHS = NO;
				ASSETCATALOG_COMPILER_GENERATE_SWIFT_ASSET_SYMBOL_EXTENSIONS = YES;
				CLANG_ANALYZER_NONNULL = YES;
				CLANG_ANALYZER_NUMBER_OBJECT_CONVERSION = YES_AGGRESSIVE;
				CLANG_CXX_LANGUAGE_STANDARD = "gnu++20";
				CLANG_ENABLE_MODULES = YES;
				CLANG_ENABLE_OBJC_ARC = YES;
				CLANG_ENABLE_OBJC_WEAK = YES;
				CLANG_WARN_BLOCK_CAPTURE_AUTORELEASING = YES;
				CLANG_WARN_BOOL_CONVERSION = YES;
				CLANG_WARN_COMMA = YES;
				CLANG_WARN_CONSTANT_CONVERSION = YES;
				CLANG_WARN_DEPRECATED_OBJC_IMPLEMENTATIONS = YES;
				CLANG_WARN_DIRECT_OBJC_ISA_USAGE = YES_ERROR;
				CLANG_WARN_DOCUMENTATION_COMMENTS = YES;
				CLANG_WARN_EMPTY_BODY = YES;
				CLANG_WARN_ENUM_CONVERSION = YES;
				CLANG_WARN_INFINITE_RECURSION = YES;
				CLANG_WARN_INT_CONVERSION = YES;
				CLANG_WARN_NON_LITERAL_NULL_CONVERSION = YES;
				CLANG_WARN_OBJC_IMPLICIT_RETAIN_SELF = YES;
				CLANG_WARN_OBJC_LITERAL_CONVERSION = YES;
				CLANG_WARN_OBJC_ROOT_CLASS = YES_ERROR;
				CLANG_WARN_QUOTED_INCLUDE_IN_FRAMEWORK_HEADER = YES;
				CLANG_WARN_RANGE_LOOP_ANALYSIS = YES;
				CLANG_WARN_STRICT_PROTOTYPES = YES;
				CLANG_WARN_SUSPICIOUS_MOVE = YES;
				CLANG_WARN_UNGUARDED_AVAILABILITY = YES_AGGRESSIVE;
				CLANG_WARN_UNREACHABLE_CODE = YES;
				CLANG_WARN__DUPLICATE_METHOD_MATCH = YES;
				COPY_PHASE_STRIP = NO;
				DEBUG_INFORMATION_FORMAT = dwarf;
				ENABLE_STRICT_OBJC_MSGSEND = YES;
				ENABLE_TESTABILITY = YES;
				ENABLE_USER_SCRIPT_SANDBOXING = YES;
				GCC_C_LANGUAGE_STANDARD = gnu17;
				GCC_DYNAMIC_NO_PIC = NO;
				GCC_NO_COMMON_BLOCKS = YES;
				GCC_OPTIMIZATION_LEVEL = 0;
				GCC_PREPROCESSOR_DEFINITIONS = (
					"DEBUG=1",
					"$(inherited)",
				);
				GCC_WARN_64_TO_32_BIT_CONVERSION = YES;
				GCC_WARN_ABOUT_RETURN_TYPE = YES_ERROR;
				GCC_WARN_UNDECLARED_SELECTOR = YES;
				GCC_WARN_UNINITIALIZED_AUTOS = YES_AGGRESSIVE;
				GCC_WARN_UNUSED_FUNCTION = YES;
				GCC_WARN_UNUSED_VARIABLE = YES;
				IPHONEOS_DEPLOYMENT_TARGET = 18.4;
				LOCALIZATION_PREFERS_STRING_CATALOGS = YES;
				MTL_ENABLE_DEBUG_INFO = INCLUDE_SOURCE;
				MTL_FAST_MATH = YES;
				ONLY_ACTIVE_ARCH = YES;
				SDKROOT = iphoneos;
				SWIFT_ACTIVE_COMPILATION_CONDITIONS = "DEBUG $(inherited)";
				SWIFT_OPTIMIZATION_LEVEL = "-Onone";
			};
			name = Debug;
		};
		00B50B962DA9103E0068FBF5 /* Release */ = {
			isa = XCBuildConfiguration;
			buildSettings = {
				ALWAYS_SEARCH_USER_PATHS = NO;
				ASSETCATALOG_COMPILER_GENERATE_SWIFT_ASSET_SYMBOL_EXTENSIONS = YES;
				CLANG_ANALYZER_NONNULL = YES;
				CLANG_ANALYZER_NUMBER_OBJECT_CONVERSION = YES_AGGRESSIVE;
				CLANG_CXX_LANGUAGE_STANDARD = "gnu++20";
				CLANG_ENABLE_MODULES = YES;
				CLANG_ENABLE_OBJC_ARC = YES;
				CLANG_ENABLE_OBJC_WEAK = YES;
				CLANG_WARN_BLOCK_CAPTURE_AUTORELEASING = YES;
				CLANG_WARN_BOOL_CONVERSION = YES;
				CLANG_WARN_COMMA = YES;
				CLANG_WARN_CONSTANT_CONVERSION = YES;
				CLANG_WARN_DEPRECATED_OBJC_IMPLEMENTATIONS = YES;
				CLANG_WARN_DIRECT_OBJC_ISA_USAGE = YES_ERROR;
				CLANG_WARN_DOCUMENTATION_COMMENTS = YES;
				CLANG_WARN_EMPTY_BODY = YES;
				CLANG_WARN_ENUM_CONVERSION = YES;
				CLANG_WARN_INFINITE_RECURSION = YES;
				CLANG_WARN_INT_CONVERSION = YES;
				CLANG_WARN_NON_LITERAL_NULL_CONVERSION = YES;
				CLANG_WARN_OBJC_IMPLICIT_RETAIN_SELF = YES;
				CLANG_WARN_OBJC_LITERAL_CONVERSION = YES;
				CLANG_WARN_OBJC_ROOT_CLASS = YES_ERROR;
				CLANG_WARN_QUOTED_INCLUDE_IN_FRAMEWORK_HEADER = YES;
				CLANG_WARN_RANGE_LOOP_ANALYSIS = YES;
				CLANG_WARN_STRICT_PROTOTYPES = YES;
				CLANG_WARN_SUSPICIOUS_MOVE = YES;
				CLANG_WARN_UNGUARDED_AVAILABILITY = YES_AGGRESSIVE;
				CLANG_WARN_UNREACHABLE_CODE = YES;
				CLANG_WARN__DUPLICATE_METHOD_MATCH = YES;
				COPY_PHASE_STRIP = NO;
				DEBUG_INFORMATION_FORMAT = "dwarf-with-dsym";
				ENABLE_NS_ASSERTIONS = NO;
				ENABLE_STRICT_OBJC_MSGSEND = YES;
				ENABLE_USER_SCRIPT_SANDBOXING = YES;
				GCC_C_LANGUAGE_STANDARD = gnu17;
				GCC_NO_COMMON_BLOCKS = YES;
				GCC_WARN_64_TO_32_BIT_CONVERSION = YES;
				GCC_WARN_ABOUT_RETURN_TYPE = YES_ERROR;
				GCC_WARN_UNDECLARED_SELECTOR = YES;
				GCC_WARN_UNINITIALIZED_AUTOS = YES_AGGRESSIVE;
				GCC_WARN_UNUSED_FUNCTION = YES;
				GCC_WARN_UNUSED_VARIABLE = YES;
				IPHONEOS_DEPLOYMENT_TARGET = 18.4;
				LOCALIZATION_PREFERS_STRING_CATALOGS = YES;
				MTL_ENABLE_DEBUG_INFO = NO;
				MTL_FAST_MATH = YES;
				SDKROOT = iphoneos;
				SWIFT_COMPILATION_MODE = wholemodule;
				VALIDATE_PRODUCT = YES;
			};
			name = Release;
		};
		00B50B982DA9103E0068FBF5 /* Debug */ = {
			isa = XCBuildConfiguration;
			buildSettings = {
				ASSETCATALOG_COMPILER_APPICON_NAME = AppIcon;
				ASSETCATALOG_COMPILER_GLOBAL_ACCENT_COLOR_NAME = AccentColor;
				CODE_SIGN_STYLE = Automatic;
				CURRENT_PROJECT_VERSION = 1;
				ENABLE_PREVIEWS = YES;
				GENERATE_INFOPLIST_FILE = YES;
				INFOPLIST_KEY_UIApplicationSceneManifest_Generation = YES;
				INFOPLIST_KEY_UIApplicationSupportsIndirectInputEvents = YES;
				INFOPLIST_KEY_UILaunchScreen_Generation = YES;
				INFOPLIST_KEY_UISupportedInterfaceOrientations_iPad = "UIInterfaceOrientationPortrait UIInterfaceOrientationPortraitUpsideDown UIInterfaceOrientationLandscapeLeft UIInterfaceOrientationLandscapeRight";
				INFOPLIST_KEY_UISupportedInterfaceOrientations_iPhone = "UIInterfaceOrientationPortrait UIInterfaceOrientationLandscapeLeft UIInterfaceOrientationLandscapeRight";
				LD_RUNPATH_SEARCH_PATHS = (
					"$(inherited)",
					"@executable_path/Frameworks",
				);
				MARKETING_VERSION = 1.0;
				PRODUCT_BUNDLE_IDENTIFIER = "Expense.Tracker.App.Expense-Tracker-App";
				PRODUCT_NAME = "$(TARGET_NAME)";
				SWIFT_EMIT_LOC_STRINGS = YES;
				SWIFT_VERSION = 5.0;
				TARGETED_DEVICE_FAMILY = "1,2";
			};
			name = Debug;
		};
		00B50B992DA9103E0068FBF5 /* Release */ = {
			isa = XCBuildConfiguration;
			buildSettings = {
				ASSETCATALOG_COMPILER_APPICON_NAME = AppIcon;
				ASSETCATALOG_COMPILER_GLOBAL_ACCENT_COLOR_NAME = AccentColor;
				CODE_SIGN_STYLE = Automatic;
				CURRENT_PROJECT_VERSION = 1;
				ENABLE_PREVIEWS = YES;
				GENERATE_INFOPLIST_FILE = YES;
				INFOPLIST_KEY_UIApplicationSceneManifest_Generation = YES;
				INFOPLIST_KEY_UIApplicationSupportsIndirectInputEvents = YES;
				INFOPLIST_KEY_UILaunchScreen_Generation = YES;
				INFOPLIST_KEY_UISupportedInterfaceOrientations_iPad = "UIInterfaceOrientationPortrait UIInterfaceOrientationPortraitUpsideDown UIInterfaceOrientationLandscapeLeft UIInterfaceOrientationLandscapeRight";
				INFOPLIST_KEY_UISupportedInterfaceOrientations_iPhone = "UIInterfaceOrientationPortrait UIInterfaceOrientationLandscapeLeft UIInterfaceOrientationLandscapeRight";
				LD_RUNPATH_SEARCH_PATHS = (
					"$(inherited)",
					"@executable_path/Frameworks",
				);
				MARKETING_VERSION = 1.0;
				PRODUCT_BUNDLE_IDENTIFIER = "Expense.Tracker.App.Expense-Tracker-App";
				PRODUCT_NAME = "$(TARGET_NAME)";
				SWIFT_EMIT_LOC_STRINGS = YES;
				SWIFT_VERSION = 5.0;
				TARGETED_DEVICE_FAMILY = "1,2";
			};
			name = Release;
		};
		00B50B9B2DA9103E0068FBF5 /* Debug */ = {
			isa = XCBuildConfiguration;
			buildSettings = {
				BUNDLE_LOADER = "$(TEST_HOST)";
				CODE_SIGN_STYLE = Automatic;
				CURRENT_PROJECT_VERSION = 1;
				GENERATE_INFOPLIST_FILE = YES;
				IPHONEOS_DEPLOYMENT_TARGET = 18.4;
				MARKETING_VERSION = 1.0;
				PRODUCT_BUNDLE_IDENTIFIER = "Expense.Tracker.App.Expense-Tracker-AppTests";
				PRODUCT_NAME = "$(TARGET_NAME)";
				SWIFT_EMIT_LOC_STRINGS = NO;
				SWIFT_VERSION = 5.0;
				TARGETED_DEVICE_FAMILY = "1,2";
				TEST_HOST = "$(BUILT_PRODUCTS_DIR)/Expense Tracker App.app/$(BUNDLE_EXECUTABLE_FOLDER_PATH)/Expense Tracker App";
			};
			name = Debug;
		};
		00B50B9C2DA9103E0068FBF5 /* Release */ = {
			isa = XCBuildConfiguration;
			buildSettings = {
				BUNDLE_LOADER = "$(TEST_HOST)";
				CODE_SIGN_STYLE = Automatic;
				CURRENT_PROJECT_VERSION = 1;
				GENERATE_INFOPLIST_FILE = YES;
				IPHONEOS_DEPLOYMENT_TARGET = 18.4;
				MARKETING_VERSION = 1.0;
				PRODUCT_BUNDLE_IDENTIFIER = "Expense.Tracker.App.Expense-Tracker-AppTests";
				PRODUCT_NAME = "$(TARGET_NAME)";
				SWIFT_EMIT_LOC_STRINGS = NO;
				SWIFT_VERSION = 5.0;
				TARGETED_DEVICE_FAMILY = "1,2";
				TEST_HOST = "$(BUILT_PRODUCTS_DIR)/Expense Tracker App.app/$(BUNDLE_EXECUTABLE_FOLDER_PATH)/Expense Tracker App";
			};
			name = Release;
		};
		00B50B9E2DA9103E0068FBF5 /* Debug */ = {
			isa = XCBuildConfiguration;
			buildSettings = {
				CODE_SIGN_STYLE = Automatic;
				CURRENT_PROJECT_VERSION = 1;
				GENERATE_INFOPLIST_FILE = YES;
				MARKETING_VERSION = 1.0;
				PRODUCT_BUNDLE_IDENTIFIER = "Expense.Tracker.App.Expense-Tracker-AppUITests";
				PRODUCT_NAME = "$(TARGET_NAME)";
				SWIFT_EMIT_LOC_STRINGS = NO;
				SWIFT_VERSION = 5.0;
				TARGETED_DEVICE_FAMILY = "1,2";
				TEST_TARGET_NAME = "Expense Tracker App";
			};
			name = Debug;
		};
		00B50B9F2DA9103E0068FBF5 /* Release */ = {
			isa = XCBuildConfiguration;
			buildSettings = {
				CODE_SIGN_STYLE = Automatic;
				CURRENT_PROJECT_VERSION = 1;
				GENERATE_INFOPLIST_FILE = YES;
				MARKETING_VERSION = 1.0;
				PRODUCT_BUNDLE_IDENTIFIER = "Expense.Tracker.App.Expense-Tracker-AppUITests";
				PRODUCT_NAME = "$(TARGET_NAME)";
				SWIFT_EMIT_LOC_STRINGS = NO;
				SWIFT_VERSION = 5.0;
				TARGETED_DEVICE_FAMILY = "1,2";
				TEST_TARGET_NAME = "Expense Tracker App";
			};
			name = Release;
		};
/* End XCBuildConfiguration section */

/* Begin XCConfigurationList section */
		00B50B712DA9103D0068FBF5 /* Build configuration list for PBXProject "Expense Tracker App" */ = {
			isa = XCConfigurationList;
			buildConfigurations = (
				00B50B952DA9103E0068FBF5 /* Debug */,
				00B50B962DA9103E0068FBF5 /* Release */,
			);
			defaultConfigurationIsVisible = 0;
			defaultConfigurationName = Release;
		};
		00B50B972DA9103E0068FBF5 /* Build configuration list for PBXNativeTarget "Expense Tracker App" */ = {
			isa = XCConfigurationList;
			buildConfigurations = (
				00B50B982DA9103E0068FBF5 /* Debug */,
				00B50B992DA9103E0068FBF5 /* Release */,
			);
			defaultConfigurationIsVisible = 0;
			defaultConfigurationName = Release;
		};
		00B50B9A2DA9103E0068FBF5 /* Build configuration list for PBXNativeTarget "Expense Tracker AppTests" */ = {
			isa = XCConfigurationList;
			buildConfigurations = (
				00B50B9B2DA9103E0068FBF5 /* Debug */,
				00B50B9C2DA9103E0068FBF5 /* Release */,
			);
			defaultConfigurationIsVisible = 0;
			defaultConfigurationName = Release;
		};
		00B50B9D2DA9103E0068FBF5 /* Build configuration list for PBXNativeTarget "Expense Tracker AppUITests" */ = {
			isa = XCConfigurationList;
			buildConfigurations = (
				00B50B9E2DA9103E0068FBF5 /* Debug */,
				00B50B9F2DA9103E0068FBF5 /* Release */,
			);
			defaultConfigurationIsVisible = 0;
			defaultConfigurationName = Release;
		};
/* End XCConfigurationList section */
	};
	rootObject = 00B50B6E2DA9103D0068FBF5 /* Project object */;
}
